// !$*UTF8*$!
{
	archiveVersion = 1;
	classes = {
	};
	objectVersion = 56;
	objects = {

/* Begin PBXBuildFile section */
		697553A12A3EBFF80025BD94 /* AppDelegate.swift in Sources */ = {isa = PBXBuildFile; fileRef = 697553A02A3EBFF80025BD94 /* AppDelegate.swift */; };
		697553A32A3EBFF80025BD94 /* SceneDelegate.swift in Sources */ = {isa = PBXBuildFile; fileRef = 697553A22A3EBFF80025BD94 /* SceneDelegate.swift */; };
		697553A52A3EBFF80025BD94 /* ViewController.swift in Sources */ = {isa = PBXBuildFile; fileRef = 697553A42A3EBFF80025BD94 /* ViewController.swift */; };
		697553A82A3EBFF80025BD94 /* Main.storyboard in Resources */ = {isa = PBXBuildFile; fileRef = 697553A62A3EBFF80025BD94 /* Main.storyboard */; };
		697553AA2A3EBFF90025BD94 /* Assets.xcassets in Resources */ = {isa = PBXBuildFile; fileRef = 697553A92A3EBFF90025BD94 /* Assets.xcassets */; };
		697553AD2A3EBFF90025BD94 /* LaunchScreen.storyboard in Resources */ = {isa = PBXBuildFile; fileRef = 697553AB2A3EBFF90025BD94 /* LaunchScreen.storyboard */; };
		697553B82A3EBFF90025BD94 /* Kadai12_UIKitTests.swift in Sources */ = {isa = PBXBuildFile; fileRef = 697553B72A3EBFF90025BD94 /* Kadai12_UIKitTests.swift */; };
		697553C22A3EBFF90025BD94 /* Kadai12_UIKitUITests.swift in Sources */ = {isa = PBXBuildFile; fileRef = 697553C12A3EBFF90025BD94 /* Kadai12_UIKitUITests.swift */; };
		697553C42A3EBFF90025BD94 /* Kadai12_UIKitUITestsLaunchTests.swift in Sources */ = {isa = PBXBuildFile; fileRef = 697553C32A3EBFF90025BD94 /* Kadai12_UIKitUITestsLaunchTests.swift */; };
/* End PBXBuildFile section */

/* Begin PBXContainerItemProxy section */
		697553B42A3EBFF90025BD94 /* PBXContainerItemProxy */ = {
			isa = PBXContainerItemProxy;
			containerPortal = 697553952A3EBFF80025BD94 /* Project object */;
			proxyType = 1;
			remoteGlobalIDString = 6975539C2A3EBFF80025BD94;
			remoteInfo = "Kadai12-UIKit";
		};
		697553BE2A3EBFF90025BD94 /* PBXContainerItemProxy */ = {
			isa = PBXContainerItemProxy;
			containerPortal = 697553952A3EBFF80025BD94 /* Project object */;
			proxyType = 1;
			remoteGlobalIDString = 6975539C2A3EBFF80025BD94;
			remoteInfo = "Kadai12-UIKit";
		};
/* End PBXContainerItemProxy section */

/* Begin PBXFileReference section */
		6975539D2A3EBFF80025BD94 /* Kadai12-UIKit.app */ = {isa = PBXFileReference; explicitFileType = wrapper.application; includeInIndex = 0; path = "Kadai12-UIKit.app"; sourceTree = BUILT_PRODUCTS_DIR; };
		697553A02A3EBFF80025BD94 /* AppDelegate.swift */ = {isa = PBXFileReference; lastKnownFileType = sourcecode.swift; path = AppDelegate.swift; sourceTree = "<group>"; };
		697553A22A3EBFF80025BD94 /* SceneDelegate.swift */ = {isa = PBXFileReference; lastKnownFileType = sourcecode.swift; path = SceneDelegate.swift; sourceTree = "<group>"; };
		697553A42A3EBFF80025BD94 /* ViewController.swift */ = {isa = PBXFileReference; lastKnownFileType = sourcecode.swift; path = ViewController.swift; sourceTree = "<group>"; };
		697553A72A3EBFF80025BD94 /* Base */ = {isa = PBXFileReference; lastKnownFileType = file.storyboard; name = Base; path = Base.lproj/Main.storyboard; sourceTree = "<group>"; };
		697553A92A3EBFF90025BD94 /* Assets.xcassets */ = {isa = PBXFileReference; lastKnownFileType = folder.assetcatalog; path = Assets.xcassets; sourceTree = "<group>"; };
		697553AC2A3EBFF90025BD94 /* Base */ = {isa = PBXFileReference; lastKnownFileType = file.storyboard; name = Base; path = Base.lproj/LaunchScreen.storyboard; sourceTree = "<group>"; };
		697553AE2A3EBFF90025BD94 /* Info.plist */ = {isa = PBXFileReference; lastKnownFileType = text.plist.xml; path = Info.plist; sourceTree = "<group>"; };
		697553B32A3EBFF90025BD94 /* Kadai12-UIKitTests.xctest */ = {isa = PBXFileReference; explicitFileType = wrapper.cfbundle; includeInIndex = 0; path = "Kadai12-UIKitTests.xctest"; sourceTree = BUILT_PRODUCTS_DIR; };
		697553B72A3EBFF90025BD94 /* Kadai12_UIKitTests.swift */ = {isa = PBXFileReference; lastKnownFileType = sourcecode.swift; path = Kadai12_UIKitTests.swift; sourceTree = "<group>"; };
		697553BD2A3EBFF90025BD94 /* Kadai12-UIKitUITests.xctest */ = {isa = PBXFileReference; explicitFileType = wrapper.cfbundle; includeInIndex = 0; path = "Kadai12-UIKitUITests.xctest"; sourceTree = BUILT_PRODUCTS_DIR; };
		697553C12A3EBFF90025BD94 /* Kadai12_UIKitUITests.swift */ = {isa = PBXFileReference; lastKnownFileType = sourcecode.swift; path = Kadai12_UIKitUITests.swift; sourceTree = "<group>"; };
		697553C32A3EBFF90025BD94 /* Kadai12_UIKitUITestsLaunchTests.swift */ = {isa = PBXFileReference; lastKnownFileType = sourcecode.swift; path = Kadai12_UIKitUITestsLaunchTests.swift; sourceTree = "<group>"; };
/* End PBXFileReference section */

/* Begin PBXFrameworksBuildPhase section */
		6975539A2A3EBFF80025BD94 /* Frameworks */ = {
			isa = PBXFrameworksBuildPhase;
			buildActionMask = 2147483647;
			files = (
			);
			runOnlyForDeploymentPostprocessing = 0;
		};
		697553B02A3EBFF90025BD94 /* Frameworks */ = {
			isa = PBXFrameworksBuildPhase;
			buildActionMask = 2147483647;
			files = (
			);
			runOnlyForDeploymentPostprocessing = 0;
		};
		697553BA2A3EBFF90025BD94 /* Frameworks */ = {
			isa = PBXFrameworksBuildPhase;
			buildActionMask = 2147483647;
			files = (
			);
			runOnlyForDeploymentPostprocessing = 0;
		};
/* End PBXFrameworksBuildPhase section */

/* Begin PBXGroup section */
		697553942A3EBFF80025BD94 = {
			isa = PBXGroup;
			children = (
				6975539F2A3EBFF80025BD94 /* Kadai12-UIKit */,
				697553B62A3EBFF90025BD94 /* Kadai12-UIKitTests */,
				697553C02A3EBFF90025BD94 /* Kadai12-UIKitUITests */,
				6975539E2A3EBFF80025BD94 /* Products */,
			);
			sourceTree = "<group>";
		};
		6975539E2A3EBFF80025BD94 /* Products */ = {
			isa = PBXGroup;
			children = (
				6975539D2A3EBFF80025BD94 /* Kadai12-UIKit.app */,
				697553B32A3EBFF90025BD94 /* Kadai12-UIKitTests.xctest */,
				697553BD2A3EBFF90025BD94 /* Kadai12-UIKitUITests.xctest */,
			);
			name = Products;
			sourceTree = "<group>";
		};
		6975539F2A3EBFF80025BD94 /* Kadai12-UIKit */ = {
			isa = PBXGroup;
			children = (
				697553A02A3EBFF80025BD94 /* AppDelegate.swift */,
				697553A22A3EBFF80025BD94 /* SceneDelegate.swift */,
				697553A42A3EBFF80025BD94 /* ViewController.swift */,
				697553A62A3EBFF80025BD94 /* Main.storyboard */,
				697553A92A3EBFF90025BD94 /* Assets.xcassets */,
				697553AB2A3EBFF90025BD94 /* LaunchScreen.storyboard */,
				697553AE2A3EBFF90025BD94 /* Info.plist */,
			);
			path = "Kadai12-UIKit";
			sourceTree = "<group>";
		};
		697553B62A3EBFF90025BD94 /* Kadai12-UIKitTests */ = {
			isa = PBXGroup;
			children = (
				697553B72A3EBFF90025BD94 /* Kadai12_UIKitTests.swift */,
			);
			path = "Kadai12-UIKitTests";
			sourceTree = "<group>";
		};
		697553C02A3EBFF90025BD94 /* Kadai12-UIKitUITests */ = {
			isa = PBXGroup;
			children = (
				697553C12A3EBFF90025BD94 /* Kadai12_UIKitUITests.swift */,
				697553C32A3EBFF90025BD94 /* Kadai12_UIKitUITestsLaunchTests.swift */,
			);
			path = "Kadai12-UIKitUITests";
			sourceTree = "<group>";
		};
/* End PBXGroup section */

/* Begin PBXNativeTarget section */
		6975539C2A3EBFF80025BD94 /* Kadai12-UIKit */ = {
			isa = PBXNativeTarget;
			buildConfigurationList = 697553C72A3EBFF90025BD94 /* Build configuration list for PBXNativeTarget "Kadai12-UIKit" */;
			buildPhases = (
				697553992A3EBFF80025BD94 /* Sources */,
				6975539A2A3EBFF80025BD94 /* Frameworks */,
				6975539B2A3EBFF80025BD94 /* Resources */,
			);
			buildRules = (
			);
			dependencies = (
			);
			name = "Kadai12-UIKit";
			productName = "Kadai12-UIKit";
			productReference = 6975539D2A3EBFF80025BD94 /* Kadai12-UIKit.app */;
			productType = "com.apple.product-type.application";
		};
		697553B22A3EBFF90025BD94 /* Kadai12-UIKitTests */ = {
			isa = PBXNativeTarget;
			buildConfigurationList = 697553CA2A3EBFF90025BD94 /* Build configuration list for PBXNativeTarget "Kadai12-UIKitTests" */;
			buildPhases = (
				697553AF2A3EBFF90025BD94 /* Sources */,
				697553B02A3EBFF90025BD94 /* Frameworks */,
				697553B12A3EBFF90025BD94 /* Resources */,
			);
			buildRules = (
			);
			dependencies = (
				697553B52A3EBFF90025BD94 /* PBXTargetDependency */,
			);
			name = "Kadai12-UIKitTests";
			productName = "Kadai12-UIKitTests";
			productReference = 697553B32A3EBFF90025BD94 /* Kadai12-UIKitTests.xctest */;
			productType = "com.apple.product-type.bundle.unit-test";
		};
		697553BC2A3EBFF90025BD94 /* Kadai12-UIKitUITests */ = {
			isa = PBXNativeTarget;
			buildConfigurationList = 697553CD2A3EBFF90025BD94 /* Build configuration list for PBXNativeTarget "Kadai12-UIKitUITests" */;
			buildPhases = (
				697553B92A3EBFF90025BD94 /* Sources */,
				697553BA2A3EBFF90025BD94 /* Frameworks */,
				697553BB2A3EBFF90025BD94 /* Resources */,
			);
			buildRules = (
			);
			dependencies = (
				697553BF2A3EBFF90025BD94 /* PBXTargetDependency */,
			);
			name = "Kadai12-UIKitUITests";
			productName = "Kadai12-UIKitUITests";
			productReference = 697553BD2A3EBFF90025BD94 /* Kadai12-UIKitUITests.xctest */;
			productType = "com.apple.product-type.bundle.ui-testing";
		};
/* End PBXNativeTarget section */

/* Begin PBXProject section */
		697553952A3EBFF80025BD94 /* Project object */ = {
			isa = PBXProject;
			attributes = {
				BuildIndependentTargetsInParallel = 1;
				LastSwiftUpdateCheck = 1430;
				LastUpgradeCheck = 1430;
				TargetAttributes = {
					6975539C2A3EBFF80025BD94 = {
						CreatedOnToolsVersion = 14.3.1;
					};
					697553B22A3EBFF90025BD94 = {
						CreatedOnToolsVersion = 14.3.1;
						TestTargetID = 6975539C2A3EBFF80025BD94;
					};
					697553BC2A3EBFF90025BD94 = {
						CreatedOnToolsVersion = 14.3.1;
						TestTargetID = 6975539C2A3EBFF80025BD94;
					};
				};
			};
			buildConfigurationList = 697553982A3EBFF80025BD94 /* Build configuration list for PBXProject "Kadai12-UIKit" */;
			compatibilityVersion = "Xcode 14.0";
			developmentRegion = en;
			hasScannedForEncodings = 0;
			knownRegions = (
				en,
				Base,
			);
			mainGroup = 697553942A3EBFF80025BD94;
			productRefGroup = 6975539E2A3EBFF80025BD94 /* Products */;
			projectDirPath = "";
			projectRoot = "";
			targets = (
				6975539C2A3EBFF80025BD94 /* Kadai12-UIKit */,
				697553B22A3EBFF90025BD94 /* Kadai12-UIKitTests */,
				697553BC2A3EBFF90025BD94 /* Kadai12-UIKitUITests */,
			);
		};
/* End PBXProject section */

/* Begin PBXResourcesBuildPhase section */
		6975539B2A3EBFF80025BD94 /* Resources */ = {
			isa = PBXResourcesBuildPhase;
			buildActionMask = 2147483647;
			files = (
				697553AD2A3EBFF90025BD94 /* LaunchScreen.storyboard in Resources */,
				697553AA2A3EBFF90025BD94 /* Assets.xcassets in Resources */,
				697553A82A3EBFF80025BD94 /* Main.storyboard in Resources */,
			);
			runOnlyForDeploymentPostprocessing = 0;
		};
		697553B12A3EBFF90025BD94 /* Resources */ = {
			isa = PBXResourcesBuildPhase;
			buildActionMask = 2147483647;
			files = (
			);
			runOnlyForDeploymentPostprocessing = 0;
		};
		697553BB2A3EBFF90025BD94 /* Resources */ = {
			isa = PBXResourcesBuildPhase;
			buildActionMask = 2147483647;
			files = (
			);
			runOnlyForDeploymentPostprocessing = 0;
		};
/* End PBXResourcesBuildPhase section */

/* Begin PBXSourcesBuildPhase section */
		697553992A3EBFF80025BD94 /* Sources */ = {
			isa = PBXSourcesBuildPhase;
			buildActionMask = 2147483647;
			files = (
				697553A52A3EBFF80025BD94 /* ViewController.swift in Sources */,
				697553A12A3EBFF80025BD94 /* AppDelegate.swift in Sources */,
				697553A32A3EBFF80025BD94 /* SceneDelegate.swift in Sources */,
			);
			runOnlyForDeploymentPostprocessing = 0;
		};
		697553AF2A3EBFF90025BD94 /* Sources */ = {
			isa = PBXSourcesBuildPhase;
			buildActionMask = 2147483647;
			files = (
				697553B82A3EBFF90025BD94 /* Kadai12_UIKitTests.swift in Sources */,
			);
			runOnlyForDeploymentPostprocessing = 0;
		};
		697553B92A3EBFF90025BD94 /* Sources */ = {
			isa = PBXSourcesBuildPhase;
			buildActionMask = 2147483647;
			files = (
				697553C22A3EBFF90025BD94 /* Kadai12_UIKitUITests.swift in Sources */,
				697553C42A3EBFF90025BD94 /* Kadai12_UIKitUITestsLaunchTests.swift in Sources */,
			);
			runOnlyForDeploymentPostprocessing = 0;
		};
/* End PBXSourcesBuildPhase section */

/* Begin PBXTargetDependency section */
		697553B52A3EBFF90025BD94 /* PBXTargetDependency */ = {
			isa = PBXTargetDependency;
			target = 6975539C2A3EBFF80025BD94 /* Kadai12-UIKit */;
			targetProxy = 697553B42A3EBFF90025BD94 /* PBXContainerItemProxy */;
		};
		697553BF2A3EBFF90025BD94 /* PBXTargetDependency */ = {
			isa = PBXTargetDependency;
			target = 6975539C2A3EBFF80025BD94 /* Kadai12-UIKit */;
			targetProxy = 697553BE2A3EBFF90025BD94 /* PBXContainerItemProxy */;
		};
/* End PBXTargetDependency section */

/* Begin PBXVariantGroup section */
		697553A62A3EBFF80025BD94 /* Main.storyboard */ = {
			isa = PBXVariantGroup;
			children = (
				697553A72A3EBFF80025BD94 /* Base */,
			);
			name = Main.storyboard;
			sourceTree = "<group>";
		};
		697553AB2A3EBFF90025BD94 /* LaunchScreen.storyboard */ = {
			isa = PBXVariantGroup;
			children = (
				697553AC2A3EBFF90025BD94 /* Base */,
			);
			name = LaunchScreen.storyboard;
			sourceTree = "<group>";
		};
/* End PBXVariantGroup section */

/* Begin XCBuildConfiguration section */
		697553C52A3EBFF90025BD94 /* Debug */ = {
			isa = XCBuildConfiguration;
			buildSettings = {
				ALWAYS_SEARCH_USER_PATHS = NO;
				CLANG_ANALYZER_NONNULL = YES;
				CLANG_ANALYZER_NUMBER_OBJECT_CONVERSION = YES_AGGRESSIVE;
				CLANG_CXX_LANGUAGE_STANDARD = "gnu++20";
				CLANG_ENABLE_MODULES = YES;
				CLANG_ENABLE_OBJC_ARC = YES;
				CLANG_ENABLE_OBJC_WEAK = YES;
				CLANG_WARN_BLOCK_CAPTURE_AUTORELEASING = YES;
				CLANG_WARN_BOOL_CONVERSION = YES;
				CLANG_WARN_COMMA = YES;
				CLANG_WARN_CONSTANT_CONVERSION = YES;
				CLANG_WARN_DEPRECATED_OBJC_IMPLEMENTATIONS = YES;
				CLANG_WARN_DIRECT_OBJC_ISA_USAGE = YES_ERROR;
				CLANG_WARN_DOCUMENTATION_COMMENTS = YES;
				CLANG_WARN_EMPTY_BODY = YES;
				CLANG_WARN_ENUM_CONVERSION = YES;
				CLANG_WARN_INFINITE_RECURSION = YES;
				CLANG_WARN_INT_CONVERSION = YES;
				CLANG_WARN_NON_LITERAL_NULL_CONVERSION = YES;
				CLANG_WARN_OBJC_IMPLICIT_RETAIN_SELF = YES;
				CLANG_WARN_OBJC_LITERAL_CONVERSION = YES;
				CLANG_WARN_OBJC_ROOT_CLASS = YES_ERROR;
				CLANG_WARN_QUOTED_INCLUDE_IN_FRAMEWORK_HEADER = YES;
				CLANG_WARN_RANGE_LOOP_ANALYSIS = YES;
				CLANG_WARN_STRICT_PROTOTYPES = YES;
				CLANG_WARN_SUSPICIOUS_MOVE = YES;
				CLANG_WARN_UNGUARDED_AVAILABILITY = YES_AGGRESSIVE;
				CLANG_WARN_UNREACHABLE_CODE = YES;
				CLANG_WARN__DUPLICATE_METHOD_MATCH = YES;
				COPY_PHASE_STRIP = NO;
				DEBUG_INFORMATION_FORMAT = dwarf;
				ENABLE_STRICT_OBJC_MSGSEND = YES;
				ENABLE_TESTABILITY = YES;
				GCC_C_LANGUAGE_STANDARD = gnu11;
				GCC_DYNAMIC_NO_PIC = NO;
				GCC_NO_COMMON_BLOCKS = YES;
				GCC_OPTIMIZATION_LEVEL = 0;
				GCC_PREPROCESSOR_DEFINITIONS = (
					"DEBUG=1",
					"$(inherited)",
				);
				GCC_WARN_64_TO_32_BIT_CONVERSION = YES;
				GCC_WARN_ABOUT_RETURN_TYPE = YES_ERROR;
				GCC_WARN_UNDECLARED_SELECTOR = YES;
				GCC_WARN_UNINITIALIZED_AUTOS = YES_AGGRESSIVE;
				GCC_WARN_UNUSED_FUNCTION = YES;
				GCC_WARN_UNUSED_VARIABLE = YES;
				IPHONEOS_DEPLOYMENT_TARGET = 16.4;
				MTL_ENABLE_DEBUG_INFO = INCLUDE_SOURCE;
				MTL_FAST_MATH = YES;
				ONLY_ACTIVE_ARCH = YES;
				SDKROOT = iphoneos;
				SWIFT_ACTIVE_COMPILATION_CONDITIONS = DEBUG;
				SWIFT_OPTIMIZATION_LEVEL = "-Onone";
			};
			name = Debug;
		};
		697553C62A3EBFF90025BD94 /* Release */ = {
			isa = XCBuildConfiguration;
			buildSettings = {
				ALWAYS_SEARCH_USER_PATHS = NO;
				CLANG_ANALYZER_NONNULL = YES;
				CLANG_ANALYZER_NUMBER_OBJECT_CONVERSION = YES_AGGRESSIVE;
				CLANG_CXX_LANGUAGE_STANDARD = "gnu++20";
				CLANG_ENABLE_MODULES = YES;
				CLANG_ENABLE_OBJC_ARC = YES;
				CLANG_ENABLE_OBJC_WEAK = YES;
				CLANG_WARN_BLOCK_CAPTURE_AUTORELEASING = YES;
				CLANG_WARN_BOOL_CONVERSION = YES;
				CLANG_WARN_COMMA = YES;
				CLANG_WARN_CONSTANT_CONVERSION = YES;
				CLANG_WARN_DEPRECATED_OBJC_IMPLEMENTATIONS = YES;
				CLANG_WARN_DIRECT_OBJC_ISA_USAGE = YES_ERROR;
				CLANG_WARN_DOCUMENTATION_COMMENTS = YES;
				CLANG_WARN_EMPTY_BODY = YES;
				CLANG_WARN_ENUM_CONVERSION = YES;
				CLANG_WARN_INFINITE_RECURSION = YES;
				CLANG_WARN_INT_CONVERSION = YES;
				CLANG_WARN_NON_LITERAL_NULL_CONVERSION = YES;
				CLANG_WARN_OBJC_IMPLICIT_RETAIN_SELF = YES;
				CLANG_WARN_OBJC_LITERAL_CONVERSION = YES;
				CLANG_WARN_OBJC_ROOT_CLASS = YES_ERROR;
				CLANG_WARN_QUOTED_INCLUDE_IN_FRAMEWORK_HEADER = YES;
				CLANG_WARN_RANGE_LOOP_ANALYSIS = YES;
				CLANG_WARN_STRICT_PROTOTYPES = YES;
				CLANG_WARN_SUSPICIOUS_MOVE = YES;
				CLANG_WARN_UNGUARDED_AVAILABILITY = YES_AGGRESSIVE;
				CLANG_WARN_UNREACHABLE_CODE = YES;
				CLANG_WARN__DUPLICATE_METHOD_MATCH = YES;
				COPY_PHASE_STRIP = NO;
				DEBUG_INFORMATION_FORMAT = "dwarf-with-dsym";
				ENABLE_NS_ASSERTIONS = NO;
				ENABLE_STRICT_OBJC_MSGSEND = YES;
				GCC_C_LANGUAGE_STANDARD = gnu11;
				GCC_NO_COMMON_BLOCKS = YES;
				GCC_WARN_64_TO_32_BIT_CONVERSION = YES;
				GCC_WARN_ABOUT_RETURN_TYPE = YES_ERROR;
				GCC_WARN_UNDECLARED_SELECTOR = YES;
				GCC_WARN_UNINITIALIZED_AUTOS = YES_AGGRESSIVE;
				GCC_WARN_UNUSED_FUNCTION = YES;
				GCC_WARN_UNUSED_VARIABLE = YES;
				IPHONEOS_DEPLOYMENT_TARGET = 16.4;
				MTL_ENABLE_DEBUG_INFO = NO;
				MTL_FAST_MATH = YES;
				SDKROOT = iphoneos;
				SWIFT_COMPILATION_MODE = wholemodule;
				SWIFT_OPTIMIZATION_LEVEL = "-O";
				VALIDATE_PRODUCT = YES;
			};
			name = Release;
		};
		697553C82A3EBFF90025BD94 /* Debug */ = {
			isa = XCBuildConfiguration;
			buildSettings = {
				ASSETCATALOG_COMPILER_APPICON_NAME = AppIcon;
				ASSETCATALOG_COMPILER_GLOBAL_ACCENT_COLOR_NAME = AccentColor;
				CODE_SIGN_STYLE = Automatic;
				CURRENT_PROJECT_VERSION = 1;
				DEVELOPMENT_TEAM = 6NMWZ48XL4;
				GENERATE_INFOPLIST_FILE = YES;
				INFOPLIST_FILE = "Kadai12-UIKit/Info.plist";
				INFOPLIST_KEY_UIApplicationSupportsIndirectInputEvents = YES;
				INFOPLIST_KEY_UILaunchStoryboardName = LaunchScreen;
				INFOPLIST_KEY_UIMainStoryboardFile = Main;
				INFOPLIST_KEY_UISupportedInterfaceOrientations_iPad = "UIInterfaceOrientationPortrait UIInterfaceOrientationPortraitUpsideDown UIInterfaceOrientationLandscapeLeft UIInterfaceOrientationLandscapeRight";
				INFOPLIST_KEY_UISupportedInterfaceOrientations_iPhone = "UIInterfaceOrientationPortrait UIInterfaceOrientationLandscapeLeft UIInterfaceOrientationLandscapeRight";
				LD_RUNPATH_SEARCH_PATHS = (
					"$(inherited)",
					"@executable_path/Frameworks",
				);
				MARKETING_VERSION = 1.0;
				PRODUCT_BUNDLE_IDENTIFIER = "com.sako.Kadai12-UIKit";
				PRODUCT_NAME = "$(TARGET_NAME)";
				SWIFT_EMIT_LOC_STRINGS = YES;
				SWIFT_VERSION = 5.0;
				TARGETED_DEVICE_FAMILY = "1,2";
			};
			name = Debug;
		};
		697553C92A3EBFF90025BD94 /* Release */ = {
			isa = XCBuildConfiguration;
			buildSettings = {
				ASSETCATALOG_COMPILER_APPICON_NAME = AppIcon;
				ASSETCATALOG_COMPILER_GLOBAL_ACCENT_COLOR_NAME = AccentColor;
				CODE_SIGN_STYLE = Automatic;
				CURRENT_PROJECT_VERSION = 1;
				DEVELOPMENT_TEAM = 6NMWZ48XL4;
				GENERATE_INFOPLIST_FILE = YES;
				INFOPLIST_FILE = "Kadai12-UIKit/Info.plist";
				INFOPLIST_KEY_UIApplicationSupportsIndirectInputEvents = YES;
				INFOPLIST_KEY_UILaunchStoryboardName = LaunchScreen;
				INFOPLIST_KEY_UIMainStoryboardFile = Main;
				INFOPLIST_KEY_UISupportedInterfaceOrientations_iPad = "UIInterfaceOrientationPortrait UIInterfaceOrientationPortraitUpsideDown UIInterfaceOrientationLandscapeLeft UIInterfaceOrientationLandscapeRight";
				INFOPLIST_KEY_UISupportedInterfaceOrientations_iPhone = "UIInterfaceOrientationPortrait UIInterfaceOrientationLandscapeLeft UIInterfaceOrientationLandscapeRight";
				LD_RUNPATH_SEARCH_PATHS = (
					"$(inherited)",
					"@executable_path/Frameworks",
				);
				MARKETING_VERSION = 1.0;
				PRODUCT_BUNDLE_IDENTIFIER = "com.sako.Kadai12-UIKit";
				PRODUCT_NAME = "$(TARGET_NAME)";
				SWIFT_EMIT_LOC_STRINGS = YES;
				SWIFT_VERSION = 5.0;
				TARGETED_DEVICE_FAMILY = "1,2";
			};
			name = Release;
		};
		697553CB2A3EBFF90025BD94 /* Debug */ = {
			isa = XCBuildConfiguration;
			buildSettings = {
				ALWAYS_EMBED_SWIFT_STANDARD_LIBRARIES = YES;
				BUNDLE_LOADER = "$(TEST_HOST)";
				CODE_SIGN_STYLE = Automatic;
				CURRENT_PROJECT_VERSION = 1;
				DEVELOPMENT_TEAM = 6NMWZ48XL4;
				GENERATE_INFOPLIST_FILE = YES;
				IPHONEOS_DEPLOYMENT_TARGET = 16.4;
				MARKETING_VERSION = 1.0;
				PRODUCT_BUNDLE_IDENTIFIER = "com.sako.Kadai12-UIKitTests";
				PRODUCT_NAME = "$(TARGET_NAME)";
				SWIFT_EMIT_LOC_STRINGS = NO;
				SWIFT_VERSION = 5.0;
				TARGETED_DEVICE_FAMILY = "1,2";
				TEST_HOST = "$(BUILT_PRODUCTS_DIR)/Kadai12-UIKit.app/$(BUNDLE_EXECUTABLE_FOLDER_PATH)/Kadai12-UIKit";
			};
			name = Debug;
		};
		697553CC2A3EBFF90025BD94 /* Release */ = {
			isa = XCBuildConfiguration;
			buildSettings = {
				ALWAYS_EMBED_SWIFT_STANDARD_LIBRARIES = YES;
				BUNDLE_LOADER = "$(TEST_HOST)";
				CODE_SIGN_STYLE = Automatic;
				CURRENT_PROJECT_VERSION = 1;
				DEVELOPMENT_TEAM = 6NMWZ48XL4;
				GENERATE_INFOPLIST_FILE = YES;
				IPHONEOS_DEPLOYMENT_TARGET = 16.4;
				MARKETING_VERSION = 1.0;
				PRODUCT_BUNDLE_IDENTIFIER = "com.sako.Kadai12-UIKitTests";
				PRODUCT_NAME = "$(TARGET_NAME)";
				SWIFT_EMIT_LOC_STRINGS = NO;
				SWIFT_VERSION = 5.0;
				TARGETED_DEVICE_FAMILY = "1,2";
				TEST_HOST = "$(BUILT_PRODUCTS_DIR)/Kadai12-UIKit.app/$(BUNDLE_EXECUTABLE_FOLDER_PATH)/Kadai12-UIKit";
			};
			name = Release;
		};
		697553CE2A3EBFF90025BD94 /* Debug */ = {
			isa = XCBuildConfiguration;
			buildSettings = {
				ALWAYS_EMBED_SWIFT_STANDARD_LIBRARIES = YES;
				CODE_SIGN_STYLE = Automatic;
				CURRENT_PROJECT_VERSION = 1;
				DEVELOPMENT_TEAM = 6NMWZ48XL4;
				GENERATE_INFOPLIST_FILE = YES;
				MARKETING_VERSION = 1.0;
				PRODUCT_BUNDLE_IDENTIFIER = "com.sako.Kadai12-UIKitUITests";
				PRODUCT_NAME = "$(TARGET_NAME)";
				SWIFT_EMIT_LOC_STRINGS = NO;
				SWIFT_VERSION = 5.0;
				TARGETED_DEVICE_FAMILY = "1,2";
				TEST_TARGET_NAME = "Kadai12-UIKit";
			};
			name = Debug;
		};
		697553CF2A3EBFF90025BD94 /* Release */ = {
			isa = XCBuildConfiguration;
			buildSettings = {
				ALWAYS_EMBED_SWIFT_STANDARD_LIBRARIES = YES;
				CODE_SIGN_STYLE = Automatic;
				CURRENT_PROJECT_VERSION = 1;
				DEVELOPMENT_TEAM = 6NMWZ48XL4;
				GENERATE_INFOPLIST_FILE = YES;
				MARKETING_VERSION = 1.0;
				PRODUCT_BUNDLE_IDENTIFIER = "com.sako.Kadai12-UIKitUITests";
				PRODUCT_NAME = "$(TARGET_NAME)";
				SWIFT_EMIT_LOC_STRINGS = NO;
				SWIFT_VERSION = 5.0;
				TARGETED_DEVICE_FAMILY = "1,2";
				TEST_TARGET_NAME = "Kadai12-UIKit";
			};
			name = Release;
		};
/* End XCBuildConfiguration section */

/* Begin XCConfigurationList section */
		697553982A3EBFF80025BD94 /* Build configuration list for PBXProject "Kadai12-UIKit" */ = {
			isa = XCConfigurationList;
			buildConfigurations = (
				697553C52A3EBFF90025BD94 /* Debug */,
				697553C62A3EBFF90025BD94 /* Release */,
			);
			defaultConfigurationIsVisible = 0;
			defaultConfigurationName = Release;
		};
		697553C72A3EBFF90025BD94 /* Build configuration list for PBXNativeTarget "Kadai12-UIKit" */ = {
			isa = XCConfigurationList;
			buildConfigurations = (
				697553C82A3EBFF90025BD94 /* Debug */,
				697553C92A3EBFF90025BD94 /* Release */,
			);
			defaultConfigurationIsVisible = 0;
			defaultConfigurationName = Release;
		};
		697553CA2A3EBFF90025BD94 /* Build configuration list for PBXNativeTarget "Kadai12-UIKitTests" */ = {
			isa = XCConfigurationList;
			buildConfigurations = (
				697553CB2A3EBFF90025BD94 /* Debug */,
				697553CC2A3EBFF90025BD94 /* Release */,
			);
			defaultConfigurationIsVisible = 0;
			defaultConfigurationName = Release;
		};
		697553CD2A3EBFF90025BD94 /* Build configuration list for PBXNativeTarget "Kadai12-UIKitUITests" */ = {
			isa = XCConfigurationList;
			buildConfigurations = (
				697553CE2A3EBFF90025BD94 /* Debug */,
				697553CF2A3EBFF90025BD94 /* Release */,
			);
			defaultConfigurationIsVisible = 0;
			defaultConfigurationName = Release;
		};
/* End XCConfigurationList section */
	};
	rootObject = 697553952A3EBFF80025BD94 /* Project object */;
}
